
Microsoft Visual Studio Solution File, Format Version 12.00
# Visual Studio Version 16
VisualStudioVersion = 16.0.31410.357
MinimumVisualStudioVersion = 10.0.40219.1
Project("{9A19103F-16F7-4668-BE54-9A1E7A4F7556}") = "InsurancePremiumApp", "InsurancePremiumApp\InsurancePremiumApp.csproj", "{83CCDAEC-2A16-4A86-8F71-A0CDBDDF667D}"
EndProject
Project("{FAE04EC0-301F-11D3-BF4B-00C04F79EFBC}") = "InsurancePremiumApp_UnitTests", "InsurancePremiumApp_UnitTests\InsurancePremiumApp_UnitTests.csproj", "{47D3FEC3-3C02-45F0-8DE7-6544B5339D02}"
EndProject
Global
	GlobalSection(SolutionConfigurationPlatforms) = preSolution
		Debug|Any CPU = Debug|Any CPU
		Release|Any CPU = Release|Any CPU
	EndGlobalSection
	GlobalSection(ProjectConfigurationPlatforms) = postSolution
		{83CCDAEC-2A16-4A86-8F71-A0CDBDDF667D}.Debug|Any CPU.ActiveCfg = Debug|Any CPU
		{83CCDAEC-2A16-4A86-8F71-A0CDBDDF667D}.Debug|Any CPU.Build.0 = Debug|Any CPU
		{83CCDAEC-2A16-4A86-8F71-A0CDBDDF667D}.Release|Any CPU.ActiveCfg = Release|Any CPU
		{83CCDAEC-2A16-4A86-8F71-A0CDBDDF667D}.Release|Any CPU.Build.0 = Release|Any CPU
		{47D3FEC3-3C02-45F0-8DE7-6544B5339D02}.Debug|Any CPU.ActiveCfg = Debug|Any CPU
		{47D3FEC3-3C02-45F0-8DE7-6544B5339D02}.Debug|Any CPU.Build.0 = Debug|Any CPU
		{47D3FEC3-3C02-45F0-8DE7-6544B5339D02}.Release|Any CPU.ActiveCfg = Release|Any CPU
		{47D3FEC3-3C02-45F0-8DE7-6544B5339D02}.Release|Any CPU.Build.0 = Release|Any CPU
	EndGlobalSection
	GlobalSection(SolutionProperties) = preSolution
		HideSolutionNode = FALSE
	EndGlobalSection
	GlobalSection(ExtensibilityGlobals) = postSolution
		SolutionGuid = {E6112160-D44B-492B-8791-8E642A35BBAF}
	EndGlobalSection
EndGlobal
